<?xml version="1.0" encoding="utf-8"?>
<Project ToolsVersion="17.0" xmlns="http://schemas.microsoft.com/developer/msbuild/2003">
  <ItemGroup>
    <CustomBuild Include="C:\build\CMakeFiles\649e698b7c7337b30e999dc2083650ca\generate.stamp.rule">
      <Filter>CMake Rules</Filter>
    </CustomBuild>
  </ItemGroup>
  <ItemGroup>
    <Filter Include="CMake Rules">
      <UniqueIdentifier>{E26D82BC-B15E-3FEC-B39F-A3B51FFB7592}</UniqueIdentifier>
    </Filter>
  </ItemGroup>
</Project>
